
Microsoft Visual Studio Solution File, Format Version 12.00
# Visual Studio Version 17
VisualStudioVersion = 17.9.34728.123
MinimumVisualStudioVersion = 10.0.40219.1
Project("{FAE04EC0-301F-11D3-BF4B-00C04F79EFBC}") = "Strings", "Strings.csproj", "{BCAAF74D-4B20-4BC3-9CF6-5586C55DFB43}"
EndProject
Global
	GlobalSection(SolutionConfigurationPlatforms) = preSolution
		Debug|Any CPU = Debug|Any CPU
		Release|Any CPU = Release|Any CPU
	EndGlobalSection
	GlobalSection(ProjectConfigurationPlatforms) = postSolution
		{BCAAF74D-4B20-4BC3-9CF6-5586C55DFB43}.Debug|Any CPU.ActiveCfg = Debug|Any CPU
		{BCAAF74D-4B20-4BC3-9CF6-5586C55DFB43}.Debug|Any CPU.Build.0 = Debug|Any CPU
		{BCAAF74D-4B20-4BC3-9CF6-5586C55DFB43}.Release|Any CPU.ActiveCfg = Release|Any CPU
		{BCAAF74D-4B20-4BC3-9CF6-5586C55DFB43}.Release|Any CPU.Build.0 = Release|Any CPU
	EndGlobalSection
	GlobalSection(SolutionProperties) = preSolution
		HideSolutionNode = FALSE
	EndGlobalSection
	GlobalSection(ExtensibilityGlobals) = postSolution
		SolutionGuid = {37C8095F-35C4-4DF2-B9F8-435DA571D63F}
	EndGlobalSection
EndGlobal
